
Microsoft Visual Studio Solution File, Format Version 12.00
# Visual Studio Version 17
VisualStudioVersion = 17.0.32112.339
MinimumVisualStudioVersion = 10.0.40219.1
Project("{FAE04EC0-301F-11D3-BF4B-00C04F79EFBC}") = "ProductsAPI", "ProductsAPI.csproj", "{8B628D24-9F9F-4AB4-AA04-576332627712}"
EndProject
Global
	GlobalSection(SolutionConfigurationPlatforms) = preSolution
		Debug|Any CPU = Debug|Any CPU
		Release|Any CPU = Release|Any CPU
	EndGlobalSection
	GlobalSection(ProjectConfigurationPlatforms) = postSolution
		{8B628D24-9F9F-4AB4-AA04-576332627712}.Debug|Any CPU.ActiveCfg = Debug|Any CPU
		{8B628D24-9F9F-4AB4-AA04-576332627712}.Debug|Any CPU.Build.0 = Debug|Any CPU
		{8B628D24-9F9F-4AB4-AA04-576332627712}.Release|Any CPU.ActiveCfg = Release|Any CPU
		{8B628D24-9F9F-4AB4-AA04-576332627712}.Release|Any CPU.Build.0 = Release|Any CPU
	EndGlobalSection
	GlobalSection(SolutionProperties) = preSolution
		HideSolutionNode = FALSE
	EndGlobalSection
	GlobalSection(ExtensibilityGlobals) = postSolution
		SolutionGuid = {F0535A24-FEF6-4D0D-8568-9C1DDEA41359}
	EndGlobalSection
EndGlobal
